
Microsoft Visual Studio Solution File, Format Version 12.00
# Visual Studio Version 17
VisualStudioVersion = 17.0.32112.339
MinimumVisualStudioVersion = 10.0.40219.1
Project("{8BC9CEB8-8B4A-11D0-8D11-00A0C91BC942}") = "dxgi", "dxgi.vcxproj", "{7D52AA55-EAC9-4aca-A36F-639294B9FECB}"
EndProject
Global
	GlobalSection(SolutionConfigurationPlatforms) = preSolution
		Debug|x64 = Debug|x64
		Release|x64 = Release|x64
	EndGlobalSection
	GlobalSection(ProjectConfigurationPlatforms) = postSolution
		{7D52AA55-EAC9-4aca-A36F-639294B9FECB}.Debug|x64.ActiveCfg = Debug|x64
		{7D52AA55-EAC9-4aca-A36F-639294B9FECB}.Debug|x64.Build.0 = Debug|x64
		{7D52AA55-EAC9-4aca-A36F-639294B9FECB}.Release|x64.ActiveCfg = Release|x64
		{7D52AA55-EAC9-4aca-A36F-639294B9FECB}.Release|x64.Build.0 = Release|x64
	EndGlobalSection
	GlobalSection(SolutionProperties) = preSolution
		HideSolutionNode = FALSE
	EndGlobalSection
	GlobalSection(ExtensibilityGlobals) = postSolution
		SolutionGuid = {00BFB319-051C-40ea-9EAE-0A2773D76EB1}
	EndGlobalSection
EndGlobal
